
Microsoft Visual Studio Solution File, Format Version 12.00
# Visual Studio Version 17
VisualStudioVersion = 17.11.35431.28
MinimumVisualStudioVersion = 10.0.40219.1
Project("{FAE04EC0-301F-11D3-BF4B-00C04F79EFBC}") = "HerkansingA2D1", "HerkansingA2D1\HerkansingA2D1.csproj", "{655CE1BC-62B3-47F8-9D0E-D10BF3225F2E}"
EndProject
Global
	GlobalSection(SolutionConfigurationPlatforms) = preSolution
		Debug|Any CPU = Debug|Any CPU
		Release|Any CPU = Release|Any CPU
	EndGlobalSection
	GlobalSection(ProjectConfigurationPlatforms) = postSolution
		{655CE1BC-62B3-47F8-9D0E-D10BF3225F2E}.Debug|Any CPU.ActiveCfg = Debug|Any CPU
		{655CE1BC-62B3-47F8-9D0E-D10BF3225F2E}.Debug|Any CPU.Build.0 = Debug|Any CPU
		{655CE1BC-62B3-47F8-9D0E-D10BF3225F2E}.Release|Any CPU.ActiveCfg = Release|Any CPU
		{655CE1BC-62B3-47F8-9D0E-D10BF3225F2E}.Release|Any CPU.Build.0 = Release|Any CPU
	EndGlobalSection
	GlobalSection(SolutionProperties) = preSolution
		HideSolutionNode = FALSE
	EndGlobalSection
	GlobalSection(ExtensibilityGlobals) = postSolution
		SolutionGuid = {3548ED58-4E83-4E16-ACF9-20E94A199F57}
	EndGlobalSection
EndGlobal
